
Microsoft Visual Studio Solution File, Format Version 12.00
# Visual Studio Version 16
VisualStudioVersion = 16.0.31112.23
MinimumVisualStudioVersion = 10.0.40219.1
Project("{FAE04EC0-301F-11D3-BF4B-00C04F79EFBC}") = "EquipManager", "EquipManager\EquipManager.csproj", "{ABEE4DDC-1DEA-46D2-A709-94125F63B4AA}"
EndProject
Global
	GlobalSection(SolutionConfigurationPlatforms) = preSolution
		Debug|Any CPU = Debug|Any CPU
		Release|Any CPU = Release|Any CPU
	EndGlobalSection
	GlobalSection(ProjectConfigurationPlatforms) = postSolution
		{ABEE4DDC-1DEA-46D2-A709-94125F63B4AA}.Debug|Any CPU.ActiveCfg = Debug|Any CPU
		{ABEE4DDC-1DEA-46D2-A709-94125F63B4AA}.Debug|Any CPU.Build.0 = Debug|Any CPU
		{ABEE4DDC-1DEA-46D2-A709-94125F63B4AA}.Release|Any CPU.ActiveCfg = Release|Any CPU
		{ABEE4DDC-1DEA-46D2-A709-94125F63B4AA}.Release|Any CPU.Build.0 = Release|Any CPU
	EndGlobalSection
	GlobalSection(SolutionProperties) = preSolution
		HideSolutionNode = FALSE
	EndGlobalSection
	GlobalSection(ExtensibilityGlobals) = postSolution
		SolutionGuid = {7F65B0B2-B13A-4B4D-BE5F-23A7179CE46F}
	EndGlobalSection
EndGlobal
